Microsoft Visual Studio Solution File, Format Version 12.00
# Visual Studio Version 17
VisualStudioVersion = 17.13.35919.96
MinimumVisualStudioVersion = 10.0.40219.1
Project("{FAE04EC0-301F-11D3-BF4B-00C04F79EFBC}") = "fiap_mongo", "fiap_mongo.csproj", "{725A3920-64ED-4557-83AC-68E263DD648B}"
EndProject
Global
	GlobalSection(SolutionConfigurationPlatforms) = preSolution
		Debug|Any CPU = Debug|Any CPU
		Release|Any CPU = Release|Any CPU
	EndGlobalSection
	GlobalSection(ProjectConfigurationPlatforms) = postSolution
		{725A3920-64ED-4557-83AC-68E263DD648B}.Debug|Any CPU.ActiveCfg = Debug|Any CPU
		{725A3920-64ED-4557-83AC-68E263DD648B}.Debug|Any CPU.Build.0 = Debug|Any CPU
		{725A3920-64ED-4557-83AC-68E263DD648B}.Release|Any CPU.ActiveCfg = Release|Any CPU
		{725A3920-64ED-4557-83AC-68E263DD648B}.Release|Any CPU.Build.0 = Release|Any CPU
	EndGlobalSection
	GlobalSection(SolutionProperties) = preSolution
		HideSolutionNode = FALSE
	EndGlobalSection
	GlobalSection(ExtensibilityGlobals) = postSolution
		SolutionGuid = {0D2085DF-1C31-4BA1-98FF-07E08F7C99EC}
	EndGlobalSection
EndGlobal
